
Microsoft Visual Studio Solution File, Format Version 12.00
# Visual Studio 2012
Project("{FAE04EC0-301F-11D3-BF4B-00C04F79EFBC}") = "PinnaFit.Core", "PinnaFit.Core\PinnaFit.Core.csproj", "{7A4D399D-C3C8-40DF-AABB-40351AF53340}"
EndProject
Project("{FAE04EC0-301F-11D3-BF4B-00C04F79EFBC}") = "PinnaFit.DAL", "PinnaFit.DAL\PinnaFit.DAL.csproj", "{B88EC007-9338-4942-8AD6-44C3FE523872}"
	ProjectSection(ProjectDependencies) = postProject
		{7A4D399D-C3C8-40DF-AABB-40351AF53340} = {7A4D399D-C3C8-40DF-AABB-40351AF53340}
	EndProjectSection
EndProject
Project("{FAE04EC0-301F-11D3-BF4B-00C04F79EFBC}") = "PinnaFit.Repository", "PinnaFit.Repository\PinnaFit.Repository.csproj", "{A8432EE2-EBED-4FE9-A6A1-99EBBE3629E9}"
	ProjectSection(ProjectDependencies) = postProject
		{B88EC007-9338-4942-8AD6-44C3FE523872} = {B88EC007-9338-4942-8AD6-44C3FE523872}
		{7A4D399D-C3C8-40DF-AABB-40351AF53340} = {7A4D399D-C3C8-40DF-AABB-40351AF53340}
	EndProjectSection
EndProject
Project("{FAE04EC0-301F-11D3-BF4B-00C04F79EFBC}") = "PinnaFit.Service", "PinnaFit.Service\PinnaFit.Service.csproj", "{BD52A0BE-F535-4D9D-A0A7-F12B8FD39861}"
	ProjectSection(ProjectDependencies) = postProject
		{B88EC007-9338-4942-8AD6-44C3FE523872} = {B88EC007-9338-4942-8AD6-44C3FE523872}
		{7A4D399D-C3C8-40DF-AABB-40351AF53340} = {7A4D399D-C3C8-40DF-AABB-40351AF53340}
		{A8432EE2-EBED-4FE9-A6A1-99EBBE3629E9} = {A8432EE2-EBED-4FE9-A6A1-99EBBE3629E9}
	EndProjectSection
EndProject
Project("{FAE04EC0-301F-11D3-BF4B-00C04F79EFBC}") = "PinnaFit.WPF", "PinnaFit.WPF\PinnaFit.WPF.csproj", "{B72210FA-0ABB-40FF-8AA7-A439CF982349}"
	ProjectSection(ProjectDependencies) = postProject
		{B88EC007-9338-4942-8AD6-44C3FE523872} = {B88EC007-9338-4942-8AD6-44C3FE523872}
		{7A4D399D-C3C8-40DF-AABB-40351AF53340} = {7A4D399D-C3C8-40DF-AABB-40351AF53340}
		{BD52A0BE-F535-4D9D-A0A7-F12B8FD39861} = {BD52A0BE-F535-4D9D-A0A7-F12B8FD39861}
		{A8432EE2-EBED-4FE9-A6A1-99EBBE3629E9} = {A8432EE2-EBED-4FE9-A6A1-99EBBE3629E9}
	EndProjectSection
EndProject
Project("{2150E333-8FDC-42A3-9474-1A3956D46DE8}") = "Setup", "Setup", "{B3763C0D-2BC6-4638-A259-69E311AED179}"
EndProject
Project("{6141683F-8A12-4E36-9623-2EB02B2C2303}") = "PinnaFit.Setup", "PinnaFit.Setup\PinnaFit.Setup.isproj", "{5E2D7589-269F-4B11-BE37-755556F80D9C}"
	ProjectSection(ProjectDependencies) = postProject
		{B72210FA-0ABB-40FF-8AA7-A439CF982349} = {B72210FA-0ABB-40FF-8AA7-A439CF982349}
	EndProjectSection
EndProject
Global
	GlobalSection(SolutionConfigurationPlatforms) = preSolution
		CD_ROM|Any CPU = CD_ROM|Any CPU
		Debug|Any CPU = Debug|Any CPU
		DVD-5|Any CPU = DVD-5|Any CPU
		Release|Any CPU = Release|Any CPU
		SingleImage|Any CPU = SingleImage|Any CPU
	EndGlobalSection
	GlobalSection(ProjectConfigurationPlatforms) = postSolution
		{7A4D399D-C3C8-40DF-AABB-40351AF53340}.CD_ROM|Any CPU.ActiveCfg = Release|Any CPU
		{7A4D399D-C3C8-40DF-AABB-40351AF53340}.CD_ROM|Any CPU.Build.0 = Release|Any CPU
		{7A4D399D-C3C8-40DF-AABB-40351AF53340}.Debug|Any CPU.ActiveCfg = Debug|Any CPU
		{7A4D399D-C3C8-40DF-AABB-40351AF53340}.Debug|Any CPU.Build.0 = Debug|Any CPU
		{7A4D399D-C3C8-40DF-AABB-40351AF53340}.DVD-5|Any CPU.ActiveCfg = Debug|Any CPU
		{7A4D399D-C3C8-40DF-AABB-40351AF53340}.DVD-5|Any CPU.Build.0 = Debug|Any CPU
		{7A4D399D-C3C8-40DF-AABB-40351AF53340}.Release|Any CPU.ActiveCfg = Release|Any CPU
		{7A4D399D-C3C8-40DF-AABB-40351AF53340}.Release|Any CPU.Build.0 = Release|Any CPU
		{7A4D399D-C3C8-40DF-AABB-40351AF53340}.SingleImage|Any CPU.ActiveCfg = Release|Any CPU
		{7A4D399D-C3C8-40DF-AABB-40351AF53340}.SingleImage|Any CPU.Build.0 = Release|Any CPU
		{B88EC007-9338-4942-8AD6-44C3FE523872}.CD_ROM|Any CPU.ActiveCfg = Release|Any CPU
		{B88EC007-9338-4942-8AD6-44C3FE523872}.CD_ROM|Any CPU.Build.0 = Release|Any CPU
		{B88EC007-9338-4942-8AD6-44C3FE523872}.Debug|Any CPU.ActiveCfg = Debug|Any CPU
		{B88EC007-9338-4942-8AD6-44C3FE523872}.Debug|Any CPU.Build.0 = Debug|Any CPU
		{B88EC007-9338-4942-8AD6-44C3FE523872}.DVD-5|Any CPU.ActiveCfg = Debug|Any CPU
		{B88EC007-9338-4942-8AD6-44C3FE523872}.DVD-5|Any CPU.Build.0 = Debug|Any CPU
		{B88EC007-9338-4942-8AD6-44C3FE523872}.Release|Any CPU.ActiveCfg = Release|Any CPU
		{B88EC007-9338-4942-8AD6-44C3FE523872}.Release|Any CPU.Build.0 = Release|Any CPU
		{B88EC007-9338-4942-8AD6-44C3FE523872}.SingleImage|Any CPU.ActiveCfg = Release|Any CPU
		{B88EC007-9338-4942-8AD6-44C3FE523872}.SingleImage|Any CPU.Build.0 = Release|Any CPU
		{A8432EE2-EBED-4FE9-A6A1-99EBBE3629E9}.CD_ROM|Any CPU.ActiveCfg = Release|Any CPU
		{A8432EE2-EBED-4FE9-A6A1-99EBBE3629E9}.CD_ROM|Any CPU.Build.0 = Release|Any CPU
		{A8432EE2-EBED-4FE9-A6A1-99EBBE3629E9}.Debug|Any CPU.ActiveCfg = Debug|Any CPU
		{A8432EE2-EBED-4FE9-A6A1-99EBBE3629E9}.Debug|Any CPU.Build.0 = Debug|Any CPU
		{A8432EE2-EBED-4FE9-A6A1-99EBBE3629E9}.DVD-5|Any CPU.ActiveCfg = Debug|Any CPU
		{A8432EE2-EBED-4FE9-A6A1-99EBBE3629E9}.DVD-5|Any CPU.Build.0 = Debug|Any CPU
		{A8432EE2-EBED-4FE9-A6A1-99EBBE3629E9}.Release|Any CPU.ActiveCfg = Release|Any CPU
		{A8432EE2-EBED-4FE9-A6A1-99EBBE3629E9}.Release|Any CPU.Build.0 = Release|Any CPU
		{A8432EE2-EBED-4FE9-A6A1-99EBBE3629E9}.SingleImage|Any CPU.ActiveCfg = Release|Any CPU
		{A8432EE2-EBED-4FE9-A6A1-99EBBE3629E9}.SingleImage|Any CPU.Build.0 = Release|Any CPU
		{BD52A0BE-F535-4D9D-A0A7-F12B8FD39861}.CD_ROM|Any CPU.ActiveCfg = Release|Any CPU
		{BD52A0BE-F535-4D9D-A0A7-F12B8FD39861}.CD_ROM|Any CPU.Build.0 = Release|Any CPU
		{BD52A0BE-F535-4D9D-A0A7-F12B8FD39861}.Debug|Any CPU.ActiveCfg = Debug|Any CPU
		{BD52A0BE-F535-4D9D-A0A7-F12B8FD39861}.Debug|Any CPU.Build.0 = Debug|Any CPU
		{BD52A0BE-F535-4D9D-A0A7-F12B8FD39861}.DVD-5|Any CPU.ActiveCfg = Debug|Any CPU
		{BD52A0BE-F535-4D9D-A0A7-F12B8FD39861}.DVD-5|Any CPU.Build.0 = Debug|Any CPU
		{BD52A0BE-F535-4D9D-A0A7-F12B8FD39861}.Release|Any CPU.ActiveCfg = Release|Any CPU
		{BD52A0BE-F535-4D9D-A0A7-F12B8FD39861}.Release|Any CPU.Build.0 = Release|Any CPU
		{BD52A0BE-F535-4D9D-A0A7-F12B8FD39861}.SingleImage|Any CPU.ActiveCfg = Release|Any CPU
		{BD52A0BE-F535-4D9D-A0A7-F12B8FD39861}.SingleImage|Any CPU.Build.0 = Release|Any CPU
		{B72210FA-0ABB-40FF-8AA7-A439CF982349}.CD_ROM|Any CPU.ActiveCfg = Release|Any CPU
		{B72210FA-0ABB-40FF-8AA7-A439CF982349}.CD_ROM|Any CPU.Build.0 = Release|Any CPU
		{B72210FA-0ABB-40FF-8AA7-A439CF982349}.Debug|Any CPU.ActiveCfg = Debug|Any CPU
		{B72210FA-0ABB-40FF-8AA7-A439CF982349}.Debug|Any CPU.Build.0 = Debug|Any CPU
		{B72210FA-0ABB-40FF-8AA7-A439CF982349}.DVD-5|Any CPU.ActiveCfg = Debug|Any CPU
		{B72210FA-0ABB-40FF-8AA7-A439CF982349}.DVD-5|Any CPU.Build.0 = Debug|Any CPU
		{B72210FA-0ABB-40FF-8AA7-A439CF982349}.Release|Any CPU.ActiveCfg = Release|Any CPU
		{B72210FA-0ABB-40FF-8AA7-A439CF982349}.Release|Any CPU.Build.0 = Release|Any CPU
		{B72210FA-0ABB-40FF-8AA7-A439CF982349}.SingleImage|Any CPU.ActiveCfg = Release|Any CPU
		{B72210FA-0ABB-40FF-8AA7-A439CF982349}.SingleImage|Any CPU.Build.0 = Release|Any CPU
		{5E2D7589-269F-4B11-BE37-755556F80D9C}.CD_ROM|Any CPU.ActiveCfg = CD_ROM
		{5E2D7589-269F-4B11-BE37-755556F80D9C}.CD_ROM|Any CPU.Build.0 = CD_ROM
		{5E2D7589-269F-4B11-BE37-755556F80D9C}.Debug|Any CPU.ActiveCfg = SingleImage
		{5E2D7589-269F-4B11-BE37-755556F80D9C}.Debug|Any CPU.Build.0 = SingleImage
		{5E2D7589-269F-4B11-BE37-755556F80D9C}.DVD-5|Any CPU.ActiveCfg = DVD-5
		{5E2D7589-269F-4B11-BE37-755556F80D9C}.DVD-5|Any CPU.Build.0 = DVD-5
		{5E2D7589-269F-4B11-BE37-755556F80D9C}.Release|Any CPU.ActiveCfg = SingleImage
		{5E2D7589-269F-4B11-BE37-755556F80D9C}.Release|Any CPU.Build.0 = SingleImage
		{5E2D7589-269F-4B11-BE37-755556F80D9C}.SingleImage|Any CPU.ActiveCfg = SingleImage
		{5E2D7589-269F-4B11-BE37-755556F80D9C}.SingleImage|Any CPU.Build.0 = SingleImage
	EndGlobalSection
	GlobalSection(SolutionProperties) = preSolution
		HideSolutionNode = FALSE
	EndGlobalSection
	GlobalSection(NestedProjects) = preSolution
		{5E2D7589-269F-4B11-BE37-755556F80D9C} = {B3763C0D-2BC6-4638-A259-69E311AED179}
	EndGlobalSection
EndGlobal
